
Microsoft Visual Studio Solution File, Format Version 12.00
# Visual Studio Version 16
VisualStudioVersion = 16.0.30011.22
MinimumVisualStudioVersion = 10.0.40219.1
Project("{FAE04EC0-301F-11D3-BF4B-00C04F79EFBC}") = "AMR Sheet Set Manager", "AMR Sheet Set Manager.csproj", "{44F23FF0-9D20-4E3A-A01C-D7D4DE13B394}"
EndProject
Global
	GlobalSection(SolutionConfigurationPlatforms) = preSolution
		Debug|Any CPU = Debug|Any CPU
		Release|Any CPU = Release|Any CPU
	EndGlobalSection
	GlobalSection(ProjectConfigurationPlatforms) = postSolution
		{44F23FF0-9D20-4E3A-A01C-D7D4DE13B394}.Debug|Any CPU.ActiveCfg = Debug|Any CPU
		{44F23FF0-9D20-4E3A-A01C-D7D4DE13B394}.Debug|Any CPU.Build.0 = Debug|Any CPU
		{44F23FF0-9D20-4E3A-A01C-D7D4DE13B394}.Release|Any CPU.ActiveCfg = Release|Any CPU
		{44F23FF0-9D20-4E3A-A01C-D7D4DE13B394}.Release|Any CPU.Build.0 = Release|Any CPU
	EndGlobalSection
	GlobalSection(SolutionProperties) = preSolution
		HideSolutionNode = FALSE
	EndGlobalSection
	GlobalSection(ExtensibilityGlobals) = postSolution
		BuildVersion_DetectChanges = True
		BuildVersion_BuildAction = Build
		BuildVersion_UpdateFileVersion = True
		BuildVersion_UpdateAssemblyVersion = True
		BuildVersion_StartDate = 2020/6/1
		BuildVersion_BuildVersioningStyle = None.None.Increment.DeltaBaseDateInDays
		SolutionGuid = {23BA21E8-332D-4053-9E5C-222C2C6EA884}
	EndGlobalSection
EndGlobal
