
Microsoft Visual Studio Solution File, Format Version 12.00
# Visual Studio Version 17
VisualStudioVersion = 17.1.32414.318
MinimumVisualStudioVersion = 10.0.40219.1
Project("{FAE04EC0-301F-11D3-BF4B-00C04F79EFBC}") = "AMR.SSMgr.2021", "2021\AMR.SSMgr.2021.csproj", "{44F23FF0-9D20-4E3A-A01C-D7D4DE13B394}"
EndProject
Project("{FAE04EC0-301F-11D3-BF4B-00C04F79EFBC}") = "AMR.SSMgr.2020", "2020\AMR.SSMgr.2020.csproj", "{6CB062DD-0CC0-40B1-8169-F3654B020FC9}"
EndProject
Project("{D954291E-2A0B-460D-934E-DC6B0785DB48}") = "AMR.SSMgr.Core", "Core\AMR.SSMgr.Core.shproj", "{539045B3-218F-4F68-A95D-FB5B6CEBDD28}"
EndProject
Project("{FAE04EC0-301F-11D3-BF4B-00C04F79EFBC}") = "AMR.SSMgr.2022", "2022\AMR.SSMgr.2022.csproj", "{BF25EFC7-0DD5-490E-8919-1E48B87BA0AB}"
EndProject
Project("{FAE04EC0-301F-11D3-BF4B-00C04F79EFBC}") = "AMR.SSMgr.2023", "2023\AMR.SSMgr.2023.csproj", "{25F2D131-79E9-4201-9605-A11CAF9BEC33}"
EndProject
Global
	GlobalSection(SharedMSBuildProjectFiles) = preSolution
		Core\AMR.SSMgr.Core.projitems*{25f2d131-79e9-4201-9605-a11caf9bec33}*SharedItemsImports = 4
		Core\AMR.SSMgr.Core.projitems*{44f23ff0-9d20-4e3a-a01c-d7d4de13b394}*SharedItemsImports = 4
		Core\AMR.SSMgr.Core.projitems*{539045b3-218f-4f68-a95d-fb5b6cebdd28}*SharedItemsImports = 13
		Core\AMR.SSMgr.Core.projitems*{6cb062dd-0cc0-40b1-8169-f3654b020fc9}*SharedItemsImports = 4
		Core\AMR.SSMgr.Core.projitems*{bf25efc7-0dd5-490e-8919-1e48b87ba0ab}*SharedItemsImports = 4
	EndGlobalSection
	GlobalSection(SolutionConfigurationPlatforms) = preSolution
		Debug|Any CPU = Debug|Any CPU
		Release|Any CPU = Release|Any CPU
	EndGlobalSection
	GlobalSection(ProjectConfigurationPlatforms) = postSolution
		{44F23FF0-9D20-4E3A-A01C-D7D4DE13B394}.Debug|Any CPU.ActiveCfg = Debug|Any CPU
		{44F23FF0-9D20-4E3A-A01C-D7D4DE13B394}.Debug|Any CPU.Build.0 = Debug|Any CPU
		{44F23FF0-9D20-4E3A-A01C-D7D4DE13B394}.Release|Any CPU.ActiveCfg = Release|Any CPU
		{44F23FF0-9D20-4E3A-A01C-D7D4DE13B394}.Release|Any CPU.Build.0 = Release|Any CPU
		{6CB062DD-0CC0-40B1-8169-F3654B020FC9}.Debug|Any CPU.ActiveCfg = Debug|Any CPU
		{6CB062DD-0CC0-40B1-8169-F3654B020FC9}.Debug|Any CPU.Build.0 = Debug|Any CPU
		{6CB062DD-0CC0-40B1-8169-F3654B020FC9}.Release|Any CPU.ActiveCfg = Release|Any CPU
		{6CB062DD-0CC0-40B1-8169-F3654B020FC9}.Release|Any CPU.Build.0 = Release|Any CPU
		{BF25EFC7-0DD5-490E-8919-1E48B87BA0AB}.Debug|Any CPU.ActiveCfg = Debug|Any CPU
		{BF25EFC7-0DD5-490E-8919-1E48B87BA0AB}.Debug|Any CPU.Build.0 = Debug|Any CPU
		{BF25EFC7-0DD5-490E-8919-1E48B87BA0AB}.Release|Any CPU.ActiveCfg = Release|Any CPU
		{BF25EFC7-0DD5-490E-8919-1E48B87BA0AB}.Release|Any CPU.Build.0 = Release|Any CPU
		{25F2D131-79E9-4201-9605-A11CAF9BEC33}.Debug|Any CPU.ActiveCfg = Debug|Any CPU
		{25F2D131-79E9-4201-9605-A11CAF9BEC33}.Debug|Any CPU.Build.0 = Debug|Any CPU
		{25F2D131-79E9-4201-9605-A11CAF9BEC33}.Release|Any CPU.ActiveCfg = Release|Any CPU
		{25F2D131-79E9-4201-9605-A11CAF9BEC33}.Release|Any CPU.Build.0 = Release|Any CPU
	EndGlobalSection
	GlobalSection(SolutionProperties) = preSolution
		HideSolutionNode = FALSE
	EndGlobalSection
	GlobalSection(ExtensibilityGlobals) = postSolution
		SolutionGuid = {23BA21E8-332D-4053-9E5C-222C2C6EA884}
		BuildVersion_BuildVersioningStyle = None.None.Increment.DeltaBaseDateInDays
		BuildVersion_StartDate = 2020/6/1
		BuildVersion_UpdateAssemblyVersion = True
		BuildVersion_UpdateFileVersion = True
		BuildVersion_BuildAction = Build
		BuildVersion_DetectChanges = True
	EndGlobalSection
EndGlobal
